
Microsoft Visual Studio Solution File, Format Version 12.00
# Visual Studio Version 17
VisualStudioVersion = 17.2.32630.192
MinimumVisualStudioVersion = 10.0.40219.1
Project("{FAE04EC0-301F-11D3-BF4B-00C04F79EFBC}") = "AisWebCore", "AisWebCore\AisWebCore.csproj", "{31A575AA-8BBD-4671-A2D3-B7C351C4B101}"
EndProject
Project("{FAE04EC0-301F-11D3-BF4B-00C04F79EFBC}") = "Negocio", "Negocio\Negocio.csproj", "{B464ED62-2A22-414B-BF74-0DFB60E8AD4B}"
EndProject
Global
	GlobalSection(SolutionConfigurationPlatforms) = preSolution
		Debug|Any CPU = Debug|Any CPU
		Release|Any CPU = Release|Any CPU
	EndGlobalSection
	GlobalSection(ProjectConfigurationPlatforms) = postSolution
		{31A575AA-8BBD-4671-A2D3-B7C351C4B101}.Debug|Any CPU.ActiveCfg = Debug|Any CPU
		{31A575AA-8BBD-4671-A2D3-B7C351C4B101}.Debug|Any CPU.Build.0 = Debug|Any CPU
		{31A575AA-8BBD-4671-A2D3-B7C351C4B101}.Release|Any CPU.ActiveCfg = Release|Any CPU
		{31A575AA-8BBD-4671-A2D3-B7C351C4B101}.Release|Any CPU.Build.0 = Release|Any CPU
		{B464ED62-2A22-414B-BF74-0DFB60E8AD4B}.Debug|Any CPU.ActiveCfg = Debug|Any CPU
		{B464ED62-2A22-414B-BF74-0DFB60E8AD4B}.Debug|Any CPU.Build.0 = Debug|Any CPU
		{B464ED62-2A22-414B-BF74-0DFB60E8AD4B}.Release|Any CPU.ActiveCfg = Release|Any CPU
		{B464ED62-2A22-414B-BF74-0DFB60E8AD4B}.Release|Any CPU.Build.0 = Release|Any CPU
	EndGlobalSection
	GlobalSection(SolutionProperties) = preSolution
		HideSolutionNode = FALSE
	EndGlobalSection
	GlobalSection(ExtensibilityGlobals) = postSolution
		SolutionGuid = {1807F310-A3EF-47D3-9DDE-AD9DCB922DB1}
	EndGlobalSection
EndGlobal
